// !$*UTF8*$!
{
	archiveVersion = 1;
	classes = {
	};
	objectVersion = 52;
	objects = {

/* Begin PBXBuildFile section */
		612A16F0BA6D0ADFE461245F /* Pods_FlixsterScroll.framework in Frameworks */ = {isa = PBXBuildFile; fileRef = E4E907944FFD9DBA1C12C186 /* Pods_FlixsterScroll.framework */; };
		676D8A712726DB16AA6F0C56 /* Pods_FlixsterScrollTests.framework in Frameworks */ = {isa = PBXBuildFile; fileRef = DDD9BCE6A1B880303C50B2B1 /* Pods_FlixsterScrollTests.framework */; };
		A9C394FD532E0062C60FA07A /* Pods_FlixsterScroll_FlixsterScrollUITests.framework in Frameworks */ = {isa = PBXBuildFile; fileRef = FF6C63200AA35A68590E77CD /* Pods_FlixsterScroll_FlixsterScrollUITests.framework */; };
		BA1D747E2702514600DD79B6 /* AppDelegate.swift in Sources */ = {isa = PBXBuildFile; fileRef = BA1D747D2702514600DD79B6 /* AppDelegate.swift */; };
		BA1D74802702514600DD79B6 /* SceneDelegate.swift in Sources */ = {isa = PBXBuildFile; fileRef = BA1D747F2702514600DD79B6 /* SceneDelegate.swift */; };
		BA1D74852702514600DD79B6 /* Main.storyboard in Resources */ = {isa = PBXBuildFile; fileRef = BA1D74832702514600DD79B6 /* Main.storyboard */; };
		BA1D74872702514700DD79B6 /* Assets.xcassets in Resources */ = {isa = PBXBuildFile; fileRef = BA1D74862702514700DD79B6 /* Assets.xcassets */; };
		BA1D748A2702514700DD79B6 /* LaunchScreen.storyboard in Resources */ = {isa = PBXBuildFile; fileRef = BA1D74882702514700DD79B6 /* LaunchScreen.storyboard */; };
		BA1D74952702514800DD79B6 /* FlixsterScrollTests.swift in Sources */ = {isa = PBXBuildFile; fileRef = BA1D74942702514800DD79B6 /* FlixsterScrollTests.swift */; };
		BA1D74A02702514800DD79B6 /* FlixsterScrollUITests.swift in Sources */ = {isa = PBXBuildFile; fileRef = BA1D749F2702514800DD79B6 /* FlixsterScrollUITests.swift */; };
		BA1D74AE2702555000DD79B6 /* MoviesViewController.swift in Sources */ = {isa = PBXBuildFile; fileRef = BA1D74AD2702555000DD79B6 /* MoviesViewController.swift */; };
		BA1D74EE2702630900DD79B6 /* MovieCell.swift in Sources */ = {isa = PBXBuildFile; fileRef = BA1D74ED2702630900DD79B6 /* MovieCell.swift */; };
		BA1D74F1270270C800DD79B6 /* AlamofireImage in Frameworks */ = {isa = PBXBuildFile; productRef = BA1D74F0270270C800DD79B6 /* AlamofireImage */; };
/* End PBXBuildFile section */

/* Begin PBXContainerItemProxy section */
		BA1D74912702514800DD79B6 /* PBXContainerItemProxy */ = {
			isa = PBXContainerItemProxy;
			containerPortal = BA1D74722702514600DD79B6 /* Project object */;
			proxyType = 1;
			remoteGlobalIDString = BA1D74792702514600DD79B6;
			remoteInfo = FlixsterScroll;
		};
		BA1D749C2702514800DD79B6 /* PBXContainerItemProxy */ = {
			isa = PBXContainerItemProxy;
			containerPortal = BA1D74722702514600DD79B6 /* Project object */;
			proxyType = 1;
			remoteGlobalIDString = BA1D74792702514600DD79B6;
			remoteInfo = FlixsterScroll;
		};
/* End PBXContainerItemProxy section */

/* Begin PBXFileReference section */
		20434F3339CD3EE84A4B94F5 /* Pods-FlixsterScroll-FlixsterScrollUITests.release.xcconfig */ = {isa = PBXFileReference; includeInIndex = 1; lastKnownFileType = text.xcconfig; name = "Pods-FlixsterScroll-FlixsterScrollUITests.release.xcconfig"; path = "Target Support Files/Pods-FlixsterScroll-FlixsterScrollUITests/Pods-FlixsterScroll-FlixsterScrollUITests.release.xcconfig"; sourceTree = "<group>"; };
		261C4CD143EFF9CCAEC37BE7 /* Pods-FlixsterScrollTests.release.xcconfig */ = {isa = PBXFileReference; includeInIndex = 1; lastKnownFileType = text.xcconfig; name = "Pods-FlixsterScrollTests.release.xcconfig"; path = "Target Support Files/Pods-FlixsterScrollTests/Pods-FlixsterScrollTests.release.xcconfig"; sourceTree = "<group>"; };
		83D548A4BAF8CB8D4C1561E8 /* Pods-FlixsterScroll.release.xcconfig */ = {isa = PBXFileReference; includeInIndex = 1; lastKnownFileType = text.xcconfig; name = "Pods-FlixsterScroll.release.xcconfig"; path = "Target Support Files/Pods-FlixsterScroll/Pods-FlixsterScroll.release.xcconfig"; sourceTree = "<group>"; };
		AA079E1A90F9C2CE333D8630 /* Pods-FlixsterScroll.debug.xcconfig */ = {isa = PBXFileReference; includeInIndex = 1; lastKnownFileType = text.xcconfig; name = "Pods-FlixsterScroll.debug.xcconfig"; path = "Target Support Files/Pods-FlixsterScroll/Pods-FlixsterScroll.debug.xcconfig"; sourceTree = "<group>"; };
		BA1D747A2702514600DD79B6 /* FlixsterScroll.app */ = {isa = PBXFileReference; explicitFileType = wrapper.application; includeInIndex = 0; path = FlixsterScroll.app; sourceTree = BUILT_PRODUCTS_DIR; };
		BA1D747D2702514600DD79B6 /* AppDelegate.swift */ = {isa = PBXFileReference; lastKnownFileType = sourcecode.swift; path = AppDelegate.swift; sourceTree = "<group>"; };
		BA1D747F2702514600DD79B6 /* SceneDelegate.swift */ = {isa = PBXFileReference; lastKnownFileType = sourcecode.swift; path = SceneDelegate.swift; sourceTree = "<group>"; };
		BA1D74842702514600DD79B6 /* Base */ = {isa = PBXFileReference; lastKnownFileType = file.storyboard; name = Base; path = Base.lproj/Main.storyboard; sourceTree = "<group>"; };
		BA1D74862702514700DD79B6 /* Assets.xcassets */ = {isa = PBXFileReference; lastKnownFileType = folder.assetcatalog; path = Assets.xcassets; sourceTree = "<group>"; };
		BA1D74892702514700DD79B6 /* Base */ = {isa = PBXFileReference; lastKnownFileType = file.storyboard; name = Base; path = Base.lproj/LaunchScreen.storyboard; sourceTree = "<group>"; };
		BA1D748B2702514700DD79B6 /* Info.plist */ = {isa = PBXFileReference; lastKnownFileType = text.plist.xml; path = Info.plist; sourceTree = "<group>"; };
		BA1D74902702514800DD79B6 /* FlixsterScrollTests.xctest */ = {isa = PBXFileReference; explicitFileType = wrapper.cfbundle; includeInIndex = 0; path = FlixsterScrollTests.xctest; sourceTree = BUILT_PRODUCTS_DIR; };
		BA1D74942702514800DD79B6 /* FlixsterScrollTests.swift */ = {isa = PBXFileReference; lastKnownFileType = sourcecode.swift; path = FlixsterScrollTests.swift; sourceTree = "<group>"; };
		BA1D74962702514800DD79B6 /* Info.plist */ = {isa = PBXFileReference; lastKnownFileType = text.plist.xml; path = Info.plist; sourceTree = "<group>"; };
		BA1D749B2702514800DD79B6 /* FlixsterScrollUITests.xctest */ = {isa = PBXFileReference; explicitFileType = wrapper.cfbundle; includeInIndex = 0; path = FlixsterScrollUITests.xctest; sourceTree = BUILT_PRODUCTS_DIR; };
		BA1D749F2702514800DD79B6 /* FlixsterScrollUITests.swift */ = {isa = PBXFileReference; lastKnownFileType = sourcecode.swift; path = FlixsterScrollUITests.swift; sourceTree = "<group>"; };
		BA1D74A12702514800DD79B6 /* Info.plist */ = {isa = PBXFileReference; lastKnownFileType = text.plist.xml; path = Info.plist; sourceTree = "<group>"; };
		BA1D74AD2702555000DD79B6 /* MoviesViewController.swift */ = {isa = PBXFileReference; lastKnownFileType = sourcecode.swift; path = MoviesViewController.swift; sourceTree = "<group>"; };
		BA1D74ED2702630900DD79B6 /* MovieCell.swift */ = {isa = PBXFileReference; lastKnownFileType = sourcecode.swift; path = MovieCell.swift; sourceTree = "<group>"; };
		DDD9BCE6A1B880303C50B2B1 /* Pods_FlixsterScrollTests.framework */ = {isa = PBXFileReference; explicitFileType = wrapper.framework; includeInIndex = 0; path = Pods_FlixsterScrollTests.framework; sourceTree = BUILT_PRODUCTS_DIR; };
		E4843258E592BDDCEBA3AB2D /* Pods-FlixsterScrollTests.debug.xcconfig */ = {isa = PBXFileReference; includeInIndex = 1; lastKnownFileType = text.xcconfig; name = "Pods-FlixsterScrollTests.debug.xcconfig"; path = "Target Support Files/Pods-FlixsterScrollTests/Pods-FlixsterScrollTests.debug.xcconfig"; sourceTree = "<group>"; };
		E4E907944FFD9DBA1C12C186 /* Pods_FlixsterScroll.framework */ = {isa = PBXFileReference; explicitFileType = wrapper.framework; includeInIndex = 0; path = Pods_FlixsterScroll.framework; sourceTree = BUILT_PRODUCTS_DIR; };
		FA9B1DE52AC364F80C1C6413 /* Pods-FlixsterScroll-FlixsterScrollUITests.debug.xcconfig */ = {isa = PBXFileReference; includeInIndex = 1; lastKnownFileType = text.xcconfig; name = "Pods-FlixsterScroll-FlixsterScrollUITests.debug.xcconfig"; path = "Target Support Files/Pods-FlixsterScroll-FlixsterScrollUITests/Pods-FlixsterScroll-FlixsterScrollUITests.debug.xcconfig"; sourceTree = "<group>"; };
		FF6C63200AA35A68590E77CD /* Pods_FlixsterScroll_FlixsterScrollUITests.framework */ = {isa = PBXFileReference; explicitFileType = wrapper.framework; includeInIndex = 0; path = Pods_FlixsterScroll_FlixsterScrollUITests.framework; sourceTree = BUILT_PRODUCTS_DIR; };
/* End PBXFileReference section */

/* Begin PBXFrameworksBuildPhase section */
		BA1D74772702514600DD79B6 /* Frameworks */ = {
			isa = PBXFrameworksBuildPhase;
			buildActionMask = 2147483647;
			files = (
				BA1D74F1270270C800DD79B6 /* AlamofireImage in Frameworks */,
				612A16F0BA6D0ADFE461245F /* Pods_FlixsterScroll.framework in Frameworks */,
			);
			runOnlyForDeploymentPostprocessing = 0;
		};
		BA1D748D2702514800DD79B6 /* Frameworks */ = {
			isa = PBXFrameworksBuildPhase;
			buildActionMask = 2147483647;
			files = (
				676D8A712726DB16AA6F0C56 /* Pods_FlixsterScrollTests.framework in Frameworks */,
			);
			runOnlyForDeploymentPostprocessing = 0;
		};
		BA1D74982702514800DD79B6 /* Frameworks */ = {
			isa = PBXFrameworksBuildPhase;
			buildActionMask = 2147483647;
			files = (
				A9C394FD532E0062C60FA07A /* Pods_FlixsterScroll_FlixsterScrollUITests.framework in Frameworks */,
			);
			runOnlyForDeploymentPostprocessing = 0;
		};
/* End PBXFrameworksBuildPhase section */

/* Begin PBXGroup section */
		0B13A814743EB999193B2557 /* Frameworks */ = {
			isa = PBXGroup;
			children = (
				E4E907944FFD9DBA1C12C186 /* Pods_FlixsterScroll.framework */,
				FF6C63200AA35A68590E77CD /* Pods_FlixsterScroll_FlixsterScrollUITests.framework */,
				DDD9BCE6A1B880303C50B2B1 /* Pods_FlixsterScrollTests.framework */,
			);
			name = Frameworks;
			sourceTree = "<group>";
		};
		7B608ABE381B8885E76EAF10 /* Pods */ = {
			isa = PBXGroup;
			children = (
				AA079E1A90F9C2CE333D8630 /* Pods-FlixsterScroll.debug.xcconfig */,
				83D548A4BAF8CB8D4C1561E8 /* Pods-FlixsterScroll.release.xcconfig */,
				FA9B1DE52AC364F80C1C6413 /* Pods-FlixsterScroll-FlixsterScrollUITests.debug.xcconfig */,
				20434F3339CD3EE84A4B94F5 /* Pods-FlixsterScroll-FlixsterScrollUITests.release.xcconfig */,
				E4843258E592BDDCEBA3AB2D /* Pods-FlixsterScrollTests.debug.xcconfig */,
				261C4CD143EFF9CCAEC37BE7 /* Pods-FlixsterScrollTests.release.xcconfig */,
			);
			name = Pods;
			path = Pods;
			sourceTree = "<group>";
		};
		BA1D74712702514600DD79B6 = {
			isa = PBXGroup;
			children = (
				BA1D747C2702514600DD79B6 /* FlixsterScroll */,
				BA1D74932702514800DD79B6 /* FlixsterScrollTests */,
				BA1D749E2702514800DD79B6 /* FlixsterScrollUITests */,
				BA1D747B2702514600DD79B6 /* Products */,
				7B608ABE381B8885E76EAF10 /* Pods */,
				0B13A814743EB999193B2557 /* Frameworks */,
			);
			sourceTree = "<group>";
		};
		BA1D747B2702514600DD79B6 /* Products */ = {
			isa = PBXGroup;
			children = (
				BA1D747A2702514600DD79B6 /* FlixsterScroll.app */,
				BA1D74902702514800DD79B6 /* FlixsterScrollTests.xctest */,
				BA1D749B2702514800DD79B6 /* FlixsterScrollUITests.xctest */,
			);
			name = Products;
			sourceTree = "<group>";
		};
		BA1D747C2702514600DD79B6 /* FlixsterScroll */ = {
			isa = PBXGroup;
			children = (
				BA1D747D2702514600DD79B6 /* AppDelegate.swift */,
				BA1D747F2702514600DD79B6 /* SceneDelegate.swift */,
				BA1D74832702514600DD79B6 /* Main.storyboard */,
				BA1D74ED2702630900DD79B6 /* MovieCell.swift */,
				BA1D74AD2702555000DD79B6 /* MoviesViewController.swift */,
				BA1D74862702514700DD79B6 /* Assets.xcassets */,
				BA1D74882702514700DD79B6 /* LaunchScreen.storyboard */,
				BA1D748B2702514700DD79B6 /* Info.plist */,
			);
			path = FlixsterScroll;
			sourceTree = "<group>";
		};
		BA1D74932702514800DD79B6 /* FlixsterScrollTests */ = {
			isa = PBXGroup;
			children = (
				BA1D74942702514800DD79B6 /* FlixsterScrollTests.swift */,
				BA1D74962702514800DD79B6 /* Info.plist */,
			);
			path = FlixsterScrollTests;
			sourceTree = "<group>";
		};
		BA1D749E2702514800DD79B6 /* FlixsterScrollUITests */ = {
			isa = PBXGroup;
			children = (
				BA1D749F2702514800DD79B6 /* FlixsterScrollUITests.swift */,
				BA1D74A12702514800DD79B6 /* Info.plist */,
			);
			path = FlixsterScrollUITests;
			sourceTree = "<group>";
		};
/* End PBXGroup section */

/* Begin PBXNativeTarget section */
		BA1D74792702514600DD79B6 /* FlixsterScroll */ = {
			isa = PBXNativeTarget;
			buildConfigurationList = BA1D74A42702514800DD79B6 /* Build configuration list for PBXNativeTarget "FlixsterScroll" */;
			buildPhases = (
				D3913A48386D1A61B4607FB5 /* [CP] Check Pods Manifest.lock */,
				BA1D74762702514600DD79B6 /* Sources */,
				BA1D74772702514600DD79B6 /* Frameworks */,
				BA1D74782702514600DD79B6 /* Resources */,
				ECFE3C877CDD3F834BBA4FD6 /* [CP] Embed Pods Frameworks */,
			);
			buildRules = (
			);
			dependencies = (
			);
			name = FlixsterScroll;
			packageProductDependencies = (
				BA1D74F0270270C800DD79B6 /* AlamofireImage */,
			);
			productName = FlixsterScroll;
			productReference = BA1D747A2702514600DD79B6 /* FlixsterScroll.app */;
			productType = "com.apple.product-type.application";
		};
		BA1D748F2702514800DD79B6 /* FlixsterScrollTests */ = {
			isa = PBXNativeTarget;
			buildConfigurationList = BA1D74A72702514800DD79B6 /* Build configuration list for PBXNativeTarget "FlixsterScrollTests" */;
			buildPhases = (
				C8CE27DA73899E570B34576D /* [CP] Check Pods Manifest.lock */,
				BA1D748C2702514800DD79B6 /* Sources */,
				BA1D748D2702514800DD79B6 /* Frameworks */,
				BA1D748E2702514800DD79B6 /* Resources */,
			);
			buildRules = (
			);
			dependencies = (
				BA1D74922702514800DD79B6 /* PBXTargetDependency */,
			);
			name = FlixsterScrollTests;
			productName = FlixsterScrollTests;
			productReference = BA1D74902702514800DD79B6 /* FlixsterScrollTests.xctest */;
			productType = "com.apple.product-type.bundle.unit-test";
		};
		BA1D749A2702514800DD79B6 /* FlixsterScrollUITests */ = {
			isa = PBXNativeTarget;
			buildConfigurationList = BA1D74AA2702514800DD79B6 /* Build configuration list for PBXNativeTarget "FlixsterScrollUITests" */;
			buildPhases = (
				51C12731790019AEB7BD9F18 /* [CP] Check Pods Manifest.lock */,
				BA1D74972702514800DD79B6 /* Sources */,
				BA1D74982702514800DD79B6 /* Frameworks */,
				BA1D74992702514800DD79B6 /* Resources */,
				A71403F7FB81870D1FEBFC87 /* [CP] Embed Pods Frameworks */,
			);
			buildRules = (
			);
			dependencies = (
				BA1D749D2702514800DD79B6 /* PBXTargetDependency */,
			);
			name = FlixsterScrollUITests;
			productName = FlixsterScrollUITests;
			productReference = BA1D749B2702514800DD79B6 /* FlixsterScrollUITests.xctest */;
			productType = "com.apple.product-type.bundle.ui-testing";
		};
/* End PBXNativeTarget section */

/* Begin PBXProject section */
		BA1D74722702514600DD79B6 /* Project object */ = {
			isa = PBXProject;
			attributes = {
				LastSwiftUpdateCheck = 1250;
				LastUpgradeCheck = 1250;
				TargetAttributes = {
					BA1D74792702514600DD79B6 = {
						CreatedOnToolsVersion = 12.5.1;
					};
					BA1D748F2702514800DD79B6 = {
						CreatedOnToolsVersion = 12.5.1;
						TestTargetID = BA1D74792702514600DD79B6;
					};
					BA1D749A2702514800DD79B6 = {
						CreatedOnToolsVersion = 12.5.1;
						TestTargetID = BA1D74792702514600DD79B6;
					};
				};
			};
			buildConfigurationList = BA1D74752702514600DD79B6 /* Build configuration list for PBXProject "FlixsterScroll" */;
			compatibilityVersion = "Xcode 9.3";
			developmentRegion = en;
			hasScannedForEncodings = 0;
			knownRegions = (
				en,
				Base,
			);
			mainGroup = BA1D74712702514600DD79B6;
			packageReferences = (
				BA1D74EF270270C800DD79B6 /* XCRemoteSwiftPackageReference "AlamofireImage" */,
			);
			productRefGroup = BA1D747B2702514600DD79B6 /* Products */;
			projectDirPath = "";
			projectRoot = "";
			targets = (
				BA1D74792702514600DD79B6 /* FlixsterScroll */,
				BA1D748F2702514800DD79B6 /* FlixsterScrollTests */,
				BA1D749A2702514800DD79B6 /* FlixsterScrollUITests */,
			);
		};
/* End PBXProject section */

/* Begin PBXResourcesBuildPhase section */
		BA1D74782702514600DD79B6 /* Resources */ = {
			isa = PBXResourcesBuildPhase;
			buildActionMask = 2147483647;
			files = (
				BA1D748A2702514700DD79B6 /* LaunchScreen.storyboard in Resources */,
				BA1D74872702514700DD79B6 /* Assets.xcassets in Resources */,
				BA1D74852702514600DD79B6 /* Main.storyboard in Resources */,
			);
			runOnlyForDeploymentPostprocessing = 0;
		};
		BA1D748E2702514800DD79B6 /* Resources */ = {
			isa = PBXResourcesBuildPhase;
			buildActionMask = 2147483647;
			files = (
			);
			runOnlyForDeploymentPostprocessing = 0;
		};
		BA1D74992702514800DD79B6 /* Resources */ = {
			isa = PBXResourcesBuildPhase;
			buildActionMask = 2147483647;
			files = (
			);
			runOnlyForDeploymentPostprocessing = 0;
		};
/* End PBXResourcesBuildPhase section */

/* Begin PBXShellScriptBuildPhase section */
		51C12731790019AEB7BD9F18 /* [CP] Check Pods Manifest.lock */ = {
			isa = PBXShellScriptBuildPhase;
			buildActionMask = 2147483647;
			files = (
			);
			inputFileListPaths = (
			);
			inputPaths = (
				"${PODS_PODFILE_DIR_PATH}/Podfile.lock",
				"${PODS_ROOT}/Manifest.lock",
			);
			name = "[CP] Check Pods Manifest.lock";
			outputFileListPaths = (
			);
			outputPaths = (
				"$(DERIVED_FILE_DIR)/Pods-FlixsterScroll-FlixsterScrollUITests-checkManifestLockResult.txt",
			);
			runOnlyForDeploymentPostprocessing = 0;
			shellPath = /bin/sh;
			shellScript = "diff \"${PODS_PODFILE_DIR_PATH}/Podfile.lock\" \"${PODS_ROOT}/Manifest.lock\" > /dev/null\nif [ $? != 0 ] ; then\n    # print error to STDERR\n    echo \"error: The sandbox is not in sync with the Podfile.lock. Run 'pod install' or update your CocoaPods installation.\" >&2\n    exit 1\nfi\n# This output is used by Xcode 'outputs' to avoid re-running this script phase.\necho \"SUCCESS\" > \"${SCRIPT_OUTPUT_FILE_0}\"\n";
			showEnvVarsInLog = 0;
		};
		A71403F7FB81870D1FEBFC87 /* [CP] Embed Pods Frameworks */ = {
			isa = PBXShellScriptBuildPhase;
			buildActionMask = 2147483647;
			files = (
			);
			inputFileListPaths = (
				"${PODS_ROOT}/Target Support Files/Pods-FlixsterScroll-FlixsterScrollUITests/Pods-FlixsterScroll-FlixsterScrollUITests-frameworks-${CONFIGURATION}-input-files.xcfilelist",
			);
			name = "[CP] Embed Pods Frameworks";
			outputFileListPaths = (
				"${PODS_ROOT}/Target Support Files/Pods-FlixsterScroll-FlixsterScrollUITests/Pods-FlixsterScroll-FlixsterScrollUITests-frameworks-${CONFIGURATION}-output-files.xcfilelist",
			);
			runOnlyForDeploymentPostprocessing = 0;
			shellPath = /bin/sh;
			shellScript = "\"${PODS_ROOT}/Target Support Files/Pods-FlixsterScroll-FlixsterScrollUITests/Pods-FlixsterScroll-FlixsterScrollUITests-frameworks.sh\"\n";
			showEnvVarsInLog = 0;
		};
		C8CE27DA73899E570B34576D /* [CP] Check Pods Manifest.lock */ = {
			isa = PBXShellScriptBuildPhase;
			buildActionMask = 2147483647;
			files = (
			);
			inputFileListPaths = (
			);
			inputPaths = (
				"${PODS_PODFILE_DIR_PATH}/Podfile.lock",
				"${PODS_ROOT}/Manifest.lock",
			);
			name = "[CP] Check Pods Manifest.lock";
			outputFileListPaths = (
			);
			outputPaths = (
				"$(DERIVED_FILE_DIR)/Pods-FlixsterScrollTests-checkManifestLockResult.txt",
			);
			runOnlyForDeploymentPostprocessing = 0;
			shellPath = /bin/sh;
			shellScript = "diff \"${PODS_PODFILE_DIR_PATH}/Podfile.lock\" \"${PODS_ROOT}/Manifest.lock\" > /dev/null\nif [ $? != 0 ] ; then\n    # print error to STDERR\n    echo \"error: The sandbox is not in sync with the Podfile.lock. Run 'pod install' or update your CocoaPods installation.\" >&2\n    exit 1\nfi\n# This output is used by Xcode 'outputs' to avoid re-running this script phase.\necho \"SUCCESS\" > \"${SCRIPT_OUTPUT_FILE_0}\"\n";
			showEnvVarsInLog = 0;
		};
		D3913A48386D1A61B4607FB5 /* [CP] Check Pods Manifest.lock */ = {
			isa = PBXShellScriptBuildPhase;
			buildActionMask = 2147483647;
			files = (
			);
			inputFileListPaths = (
			);
			inputPaths = (
				"${PODS_PODFILE_DIR_PATH}/Podfile.lock",
				"${PODS_ROOT}/Manifest.lock",
			);
			name = "[CP] Check Pods Manifest.lock";
			outputFileListPaths = (
			);
			outputPaths = (
				"$(DERIVED_FILE_DIR)/Pods-FlixsterScroll-checkManifestLockResult.txt",
			);
			runOnlyForDeploymentPostprocessing = 0;
			shellPath = /bin/sh;
			shellScript = "diff \"${PODS_PODFILE_DIR_PATH}/Podfile.lock\" \"${PODS_ROOT}/Manifest.lock\" > /dev/null\nif [ $? != 0 ] ; then\n    # print error to STDERR\n    echo \"error: The sandbox is not in sync with the Podfile.lock. Run 'pod install' or update your CocoaPods installation.\" >&2\n    exit 1\nfi\n# This output is used by Xcode 'outputs' to avoid re-running this script phase.\necho \"SUCCESS\" > \"${SCRIPT_OUTPUT_FILE_0}\"\n";
			showEnvVarsInLog = 0;
		};
		ECFE3C877CDD3F834BBA4FD6 /* [CP] Embed Pods Frameworks */ = {
			isa = PBXShellScriptBuildPhase;
			buildActionMask = 2147483647;
			files = (
			);
			inputFileListPaths = (
				"${PODS_ROOT}/Target Support Files/Pods-FlixsterScroll/Pods-FlixsterScroll-frameworks-${CONFIGURATION}-input-files.xcfilelist",
			);
			name = "[CP] Embed Pods Frameworks";
			outputFileListPaths = (
				"${PODS_ROOT}/Target Support Files/Pods-FlixsterScroll/Pods-FlixsterScroll-frameworks-${CONFIGURATION}-output-files.xcfilelist",
			);
			runOnlyForDeploymentPostprocessing = 0;
			shellPath = /bin/sh;
			shellScript = "\"${PODS_ROOT}/Target Support Files/Pods-FlixsterScroll/Pods-FlixsterScroll-frameworks.sh\"\n";
			showEnvVarsInLog = 0;
		};
/* End PBXShellScriptBuildPhase section */

/* Begin PBXSourcesBuildPhase section */
		BA1D74762702514600DD79B6 /* Sources */ = {
			isa = PBXSourcesBuildPhase;
			buildActionMask = 2147483647;
			files = (
				BA1D747E2702514600DD79B6 /* AppDelegate.swift in Sources */,
				BA1D74802702514600DD79B6 /* SceneDelegate.swift in Sources */,
				BA1D74EE2702630900DD79B6 /* MovieCell.swift in Sources */,
				BA1D74AE2702555000DD79B6 /* MoviesViewController.swift in Sources */,
			);
			runOnlyForDeploymentPostprocessing = 0;
		};
		BA1D748C2702514800DD79B6 /* Sources */ = {
			isa = PBXSourcesBuildPhase;
			buildActionMask = 2147483647;
			files = (
				BA1D74952702514800DD79B6 /* FlixsterScrollTests.swift in Sources */,
			);
			runOnlyForDeploymentPostprocessing = 0;
		};
		BA1D74972702514800DD79B6 /* Sources */ = {
			isa = PBXSourcesBuildPhase;
			buildActionMask = 2147483647;
			files = (
				BA1D74A02702514800DD79B6 /* FlixsterScrollUITests.swift in Sources */,
			);
			runOnlyForDeploymentPostprocessing = 0;
		};
/* End PBXSourcesBuildPhase section */

/* Begin PBXTargetDependency section */
		BA1D74922702514800DD79B6 /* PBXTargetDependency */ = {
			isa = PBXTargetDependency;
			target = BA1D74792702514600DD79B6 /* FlixsterScroll */;
			targetProxy = BA1D74912702514800DD79B6 /* PBXContainerItemProxy */;
		};
		BA1D749D2702514800DD79B6 /* PBXTargetDependency */ = {
			isa = PBXTargetDependency;
			target = BA1D74792702514600DD79B6 /* FlixsterScroll */;
			targetProxy = BA1D749C2702514800DD79B6 /* PBXContainerItemProxy */;
		};
/* End PBXTargetDependency section */

/* Begin PBXVariantGroup section */
		BA1D74832702514600DD79B6 /* Main.storyboard */ = {
			isa = PBXVariantGroup;
			children = (
				BA1D74842702514600DD79B6 /* Base */,
			);
			name = Main.storyboard;
			sourceTree = "<group>";
		};
		BA1D74882702514700DD79B6 /* LaunchScreen.storyboard */ = {
			isa = PBXVariantGroup;
			children = (
				BA1D74892702514700DD79B6 /* Base */,
			);
			name = LaunchScreen.storyboard;
			sourceTree = "<group>";
		};
/* End PBXVariantGroup section */

/* Begin XCBuildConfiguration section */
		BA1D74A22702514800DD79B6 /* Debug */ = {
			isa = XCBuildConfiguration;
			buildSettings = {
				ALWAYS_SEARCH_USER_PATHS = NO;
				CLANG_ANALYZER_NONNULL = YES;
				CLANG_ANALYZER_NUMBER_OBJECT_CONVERSION = YES_AGGRESSIVE;
				CLANG_CXX_LANGUAGE_STANDARD = "gnu++14";
				CLANG_CXX_LIBRARY = "libc++";
				CLANG_ENABLE_MODULES = YES;
				CLANG_ENABLE_OBJC_ARC = YES;
				CLANG_ENABLE_OBJC_WEAK = YES;
				CLANG_WARN_BLOCK_CAPTURE_AUTORELEASING = YES;
				CLANG_WARN_BOOL_CONVERSION = YES;
				CLANG_WARN_COMMA = YES;
				CLANG_WARN_CONSTANT_CONVERSION = YES;
				CLANG_WARN_DEPRECATED_OBJC_IMPLEMENTATIONS = YES;
				CLANG_WARN_DIRECT_OBJC_ISA_USAGE = YES_ERROR;
				CLANG_WARN_DOCUMENTATION_COMMENTS = YES;
				CLANG_WARN_EMPTY_BODY = YES;
				CLANG_WARN_ENUM_CONVERSION = YES;
				CLANG_WARN_INFINITE_RECURSION = YES;
				CLANG_WARN_INT_CONVERSION = YES;
				CLANG_WARN_NON_LITERAL_NULL_CONVERSION = YES;
				CLANG_WARN_OBJC_IMPLICIT_RETAIN_SELF = YES;
				CLANG_WARN_OBJC_LITERAL_CONVERSION = YES;
				CLANG_WARN_OBJC_ROOT_CLASS = YES_ERROR;
				CLANG_WARN_QUOTED_INCLUDE_IN_FRAMEWORK_HEADER = YES;
				CLANG_WARN_RANGE_LOOP_ANALYSIS = YES;
				CLANG_WARN_STRICT_PROTOTYPES = YES;
				CLANG_WARN_SUSPICIOUS_MOVE = YES;
				CLANG_WARN_UNGUARDED_AVAILABILITY = YES_AGGRESSIVE;
				CLANG_WARN_UNREACHABLE_CODE = YES;
				CLANG_WARN__DUPLICATE_METHOD_MATCH = YES;
				COPY_PHASE_STRIP = NO;
				DEBUG_INFORMATION_FORMAT = dwarf;
				ENABLE_STRICT_OBJC_MSGSEND = YES;
				ENABLE_TESTABILITY = YES;
				GCC_C_LANGUAGE_STANDARD = gnu11;
				GCC_DYNAMIC_NO_PIC = NO;
				GCC_NO_COMMON_BLOCKS = YES;
				GCC_OPTIMIZATION_LEVEL = 0;
				GCC_PREPROCESSOR_DEFINITIONS = (
					"DEBUG=1",
					"$(inherited)",
				);
				GCC_WARN_64_TO_32_BIT_CONVERSION = YES;
				GCC_WARN_ABOUT_RETURN_TYPE = YES_ERROR;
				GCC_WARN_UNDECLARED_SELECTOR = YES;
				GCC_WARN_UNINITIALIZED_AUTOS = YES_AGGRESSIVE;
				GCC_WARN_UNUSED_FUNCTION = YES;
				GCC_WARN_UNUSED_VARIABLE = YES;
				IPHONEOS_DEPLOYMENT_TARGET = 14.5;
				MTL_ENABLE_DEBUG_INFO = INCLUDE_SOURCE;
				MTL_FAST_MATH = YES;
				ONLY_ACTIVE_ARCH = YES;
				SDKROOT = iphoneos;
				SWIFT_ACTIVE_COMPILATION_CONDITIONS = DEBUG;
				SWIFT_OPTIMIZATION_LEVEL = "-Onone";
			};
			name = Debug;
		};
		BA1D74A32702514800DD79B6 /* Release */ = {
			isa = XCBuildConfiguration;
			buildSettings = {
				ALWAYS_SEARCH_USER_PATHS = NO;
				CLANG_ANALYZER_NONNULL = YES;
				CLANG_ANALYZER_NUMBER_OBJECT_CONVERSION = YES_AGGRESSIVE;
				CLANG_CXX_LANGUAGE_STANDARD = "gnu++14";
				CLANG_CXX_LIBRARY = "libc++";
				CLANG_ENABLE_MODULES = YES;
				CLANG_ENABLE_OBJC_ARC = YES;
				CLANG_ENABLE_OBJC_WEAK = YES;
				CLANG_WARN_BLOCK_CAPTURE_AUTORELEASING = YES;
				CLANG_WARN_BOOL_CONVERSION = YES;
				CLANG_WARN_COMMA = YES;
				CLANG_WARN_CONSTANT_CONVERSION = YES;
				CLANG_WARN_DEPRECATED_OBJC_IMPLEMENTATIONS = YES;
				CLANG_WARN_DIRECT_OBJC_ISA_USAGE = YES_ERROR;
				CLANG_WARN_DOCUMENTATION_COMMENTS = YES;
				CLANG_WARN_EMPTY_BODY = YES;
				CLANG_WARN_ENUM_CONVERSION = YES;
				CLANG_WARN_INFINITE_RECURSION = YES;
				CLANG_WARN_INT_CONVERSION = YES;
				CLANG_WARN_NON_LITERAL_NULL_CONVERSION = YES;
				CLANG_WARN_OBJC_IMPLICIT_RETAIN_SELF = YES;
				CLANG_WARN_OBJC_LITERAL_CONVERSION = YES;
				CLANG_WARN_OBJC_ROOT_CLASS = YES_ERROR;
				CLANG_WARN_QUOTED_INCLUDE_IN_FRAMEWORK_HEADER = YES;
				CLANG_WARN_RANGE_LOOP_ANALYSIS = YES;
				CLANG_WARN_STRICT_PROTOTYPES = YES;
				CLANG_WARN_SUSPICIOUS_MOVE = YES;
				CLANG_WARN_UNGUARDED_AVAILABILITY = YES_AGGRESSIVE;
				CLANG_WARN_UNREACHABLE_CODE = YES;
				CLANG_WARN__DUPLICATE_METHOD_MATCH = YES;
				COPY_PHASE_STRIP = NO;
				DEBUG_INFORMATION_FORMAT = "dwarf-with-dsym";
				ENABLE_NS_ASSERTIONS = NO;
				ENABLE_STRICT_OBJC_MSGSEND = YES;
				GCC_C_LANGUAGE_STANDARD = gnu11;
				GCC_NO_COMMON_BLOCKS = YES;
				GCC_WARN_64_TO_32_BIT_CONVERSION = YES;
				GCC_WARN_ABOUT_RETURN_TYPE = YES_ERROR;
				GCC_WARN_UNDECLARED_SELECTOR = YES;
				GCC_WARN_UNINITIALIZED_AUTOS = YES_AGGRESSIVE;
				GCC_WARN_UNUSED_FUNCTION = YES;
				GCC_WARN_UNUSED_VARIABLE = YES;
				IPHONEOS_DEPLOYMENT_TARGET = 14.5;
				MTL_ENABLE_DEBUG_INFO = NO;
				MTL_FAST_MATH = YES;
				SDKROOT = iphoneos;
				SWIFT_COMPILATION_MODE = wholemodule;
				SWIFT_OPTIMIZATION_LEVEL = "-O";
				VALIDATE_PRODUCT = YES;
			};
			name = Release;
		};
		BA1D74A52702514800DD79B6 /* Debug */ = {
			isa = XCBuildConfiguration;
			baseConfigurationReference = AA079E1A90F9C2CE333D8630 /* Pods-FlixsterScroll.debug.xcconfig */;
			buildSettings = {
				ASSETCATALOG_COMPILER_APPICON_NAME = AppIcon;
				ASSETCATALOG_COMPILER_GLOBAL_ACCENT_COLOR_NAME = AccentColor;
				CODE_SIGN_STYLE = Automatic;
				DEVELOPMENT_TEAM = TZ4J499N48;
				INFOPLIST_FILE = FlixsterScroll/Info.plist;
				LD_RUNPATH_SEARCH_PATHS = (
					"$(inherited)",
					"@executable_path/Frameworks",
				);
				PRODUCT_BUNDLE_IDENTIFIER = com.FlixsterScroll;
				PRODUCT_NAME = "$(TARGET_NAME)";
				SWIFT_VERSION = 5.0;
				TARGETED_DEVICE_FAMILY = "1,2";
			};
			name = Debug;
		};
		BA1D74A62702514800DD79B6 /* Release */ = {
			isa = XCBuildConfiguration;
			baseConfigurationReference = 83D548A4BAF8CB8D4C1561E8 /* Pods-FlixsterScroll.release.xcconfig */;
			buildSettings = {
				ASSETCATALOG_COMPILER_APPICON_NAME = AppIcon;
				ASSETCATALOG_COMPILER_GLOBAL_ACCENT_COLOR_NAME = AccentColor;
				CODE_SIGN_STYLE = Automatic;
				DEVELOPMENT_TEAM = TZ4J499N48;
				INFOPLIST_FILE = FlixsterScroll/Info.plist;
				LD_RUNPATH_SEARCH_PATHS = (
					"$(inherited)",
					"@executable_path/Frameworks",
				);
				PRODUCT_BUNDLE_IDENTIFIER = com.FlixsterScroll;
				PRODUCT_NAME = "$(TARGET_NAME)";
				SWIFT_VERSION = 5.0;
				TARGETED_DEVICE_FAMILY = "1,2";
			};
			name = Release;
		};
		BA1D74A82702514800DD79B6 /* Debug */ = {
			isa = XCBuildConfiguration;
			baseConfigurationReference = E4843258E592BDDCEBA3AB2D /* Pods-FlixsterScrollTests.debug.xcconfig */;
			buildSettings = {
				ALWAYS_EMBED_SWIFT_STANDARD_LIBRARIES = YES;
				BUNDLE_LOADER = "$(TEST_HOST)";
				CODE_SIGN_STYLE = Automatic;
				DEVELOPMENT_TEAM = TZ4J499N48;
				INFOPLIST_FILE = FlixsterScrollTests/Info.plist;
				IPHONEOS_DEPLOYMENT_TARGET = 14.5;
				LD_RUNPATH_SEARCH_PATHS = (
					"$(inherited)",
					"@executable_path/Frameworks",
					"@loader_path/Frameworks",
				);
				PRODUCT_BUNDLE_IDENTIFIER = com.FlixsterScrollTests;
				PRODUCT_NAME = "$(TARGET_NAME)";
				SWIFT_VERSION = 5.0;
				TARGETED_DEVICE_FAMILY = "1,2";
				TEST_HOST = "$(BUILT_PRODUCTS_DIR)/FlixsterScroll.app/FlixsterScroll";
			};
			name = Debug;
		};
		BA1D74A92702514800DD79B6 /* Release */ = {
			isa = XCBuildConfiguration;
			baseConfigurationReference = 261C4CD143EFF9CCAEC37BE7 /* Pods-FlixsterScrollTests.release.xcconfig */;
			buildSettings = {
				ALWAYS_EMBED_SWIFT_STANDARD_LIBRARIES = YES;
				BUNDLE_LOADER = "$(TEST_HOST)";
				CODE_SIGN_STYLE = Automatic;
				DEVELOPMENT_TEAM = TZ4J499N48;
				INFOPLIST_FILE = FlixsterScrollTests/Info.plist;
				IPHONEOS_DEPLOYMENT_TARGET = 14.5;
				LD_RUNPATH_SEARCH_PATHS = (
					"$(inherited)",
					"@executable_path/Frameworks",
					"@loader_path/Frameworks",
				);
				PRODUCT_BUNDLE_IDENTIFIER = com.FlixsterScrollTests;
				PRODUCT_NAME = "$(TARGET_NAME)";
				SWIFT_VERSION = 5.0;
				TARGETED_DEVICE_FAMILY = "1,2";
				TEST_HOST = "$(BUILT_PRODUCTS_DIR)/FlixsterScroll.app/FlixsterScroll";
			};
			name = Release;
		};
		BA1D74AB2702514800DD79B6 /* Debug */ = {
			isa = XCBuildConfiguration;
			baseConfigurationReference = FA9B1DE52AC364F80C1C6413 /* Pods-FlixsterScroll-FlixsterScrollUITests.debug.xcconfig */;
			buildSettings = {
				ALWAYS_EMBED_SWIFT_STANDARD_LIBRARIES = YES;
				CODE_SIGN_STYLE = Automatic;
				DEVELOPMENT_TEAM = TZ4J499N48;
				INFOPLIST_FILE = FlixsterScrollUITests/Info.plist;
				LD_RUNPATH_SEARCH_PATHS = (
					"$(inherited)",
					"@executable_path/Frameworks",
					"@loader_path/Frameworks",
				);
				PRODUCT_BUNDLE_IDENTIFIER = com.FlixsterScrollUITests;
				PRODUCT_NAME = "$(TARGET_NAME)";
				SWIFT_VERSION = 5.0;
				TARGETED_DEVICE_FAMILY = "1,2";
				TEST_TARGET_NAME = FlixsterScroll;
			};
			name = Debug;
		};
		BA1D74AC2702514800DD79B6 /* Release */ = {
			isa = XCBuildConfiguration;
			baseConfigurationReference = 20434F3339CD3EE84A4B94F5 /* Pods-FlixsterScroll-FlixsterScrollUITests.release.xcconfig */;
			buildSettings = {
				ALWAYS_EMBED_SWIFT_STANDARD_LIBRARIES = YES;
				CODE_SIGN_STYLE = Automatic;
				DEVELOPMENT_TEAM = TZ4J499N48;
				INFOPLIST_FILE = FlixsterScrollUITests/Info.plist;
				LD_RUNPATH_SEARCH_PATHS = (
					"$(inherited)",
					"@executable_path/Frameworks",
					"@loader_path/Frameworks",
				);
				PRODUCT_BUNDLE_IDENTIFIER = com.FlixsterScrollUITests;
				PRODUCT_NAME = "$(TARGET_NAME)";
				SWIFT_VERSION = 5.0;
				TARGETED_DEVICE_FAMILY = "1,2";
				TEST_TARGET_NAME = FlixsterScroll;
			};
			name = Release;
		};
/* End XCBuildConfiguration section */

/* Begin XCConfigurationList section */
		BA1D74752702514600DD79B6 /* Build configuration list for PBXProject "FlixsterScroll" */ = {
			isa = XCConfigurationList;
			buildConfigurations = (
				BA1D74A22702514800DD79B6 /* Debug */,
				BA1D74A32702514800DD79B6 /* Release */,
			);
			defaultConfigurationIsVisible = 0;
			defaultConfigurationName = Release;
		};
		BA1D74A42702514800DD79B6 /* Build configuration list for PBXNativeTarget "FlixsterScroll" */ = {
			isa = XCConfigurationList;
			buildConfigurations = (
				BA1D74A52702514800DD79B6 /* Debug */,
				BA1D74A62702514800DD79B6 /* Release */,
			);
			defaultConfigurationIsVisible = 0;
			defaultConfigurationName = Release;
		};
		BA1D74A72702514800DD79B6 /* Build configuration list for PBXNativeTarget "FlixsterScrollTests" */ = {
			isa = XCConfigurationList;
			buildConfigurations = (
				BA1D74A82702514800DD79B6 /* Debug */,
				BA1D74A92702514800DD79B6 /* Release */,
			);
			defaultConfigurationIsVisible = 0;
			defaultConfigurationName = Release;
		};
		BA1D74AA2702514800DD79B6 /* Build configuration list for PBXNativeTarget "FlixsterScrollUITests" */ = {
			isa = XCConfigurationList;
			buildConfigurations = (
				BA1D74AB2702514800DD79B6 /* Debug */,
				BA1D74AC2702514800DD79B6 /* Release */,
			);
			defaultConfigurationIsVisible = 0;
			defaultConfigurationName = Release;
		};
/* End XCConfigurationList section */

/* Begin XCRemoteSwiftPackageReference section */
		BA1D74EF270270C800DD79B6 /* XCRemoteSwiftPackageReference "AlamofireImage" */ = {
			isa = XCRemoteSwiftPackageReference;
			repositoryURL = "https://github.com/Alamofire/AlamofireImage";
			requirement = {
				kind = upToNextMajorVersion;
				minimumVersion = 4.2.0;
			};
		};
/* End XCRemoteSwiftPackageReference section */

/* Begin XCSwiftPackageProductDependency section */
		BA1D74F0270270C800DD79B6 /* AlamofireImage */ = {
			isa = XCSwiftPackageProductDependency;
			package = BA1D74EF270270C800DD79B6 /* XCRemoteSwiftPackageReference "AlamofireImage" */;
			productName = AlamofireImage;
		};
/* End XCSwiftPackageProductDependency section */
	};
	rootObject = BA1D74722702514600DD79B6 /* Project object */;
}
